hash: 6b3f9d50bbfc7ca791663eadc61c42e116d9ba8057de41174e0e077fc2de19bf
updated: 2019-03-12T18:34:15.660043535+08:00
imports:
- name: github.com/armon/go-metrics
  version: f0300d1749da6fa982027e449ec0c7a145510c3c
- name: github.com/emirpasic/gods
  version: 1615341f118ae12f353cc8a983f35b584342c9b3
  subpackages:
  - containers
  - sets
  - sets/hashset
  - utils
- name: github.com/hashicorp/consul
  version: 567e41ff6b096a478333c804d5c18264050bc3f8
  subpackages:
  - api
- name: github.com/hashicorp/go-cleanhttp
  version: e8ab9daed8d1ddd2d3c4efba338fe2eeae2e4f18
- name: github.com/hashicorp/go-immutable-radix
  version: 27df80928bb34bb1b0d6d0e01b9e679902e7a6b5
- name: github.com/hashicorp/go-rootcerts
  version: 63503fb4e1eca22f9ae0f90b49c5d5538a0e87eb
- name: github.com/hashicorp/golang-lru
  version: 7087cb70de9f7a8bc0a10c375cb0d2280a8edf9c
  subpackages:
  - simplelru
- name: github.com/hashicorp/serf
  version: b89a09ebd4b1b570e0076d5097272e67c10ac4f6
  subpackages:
  - coordinate
- name: github.com/konsorten/go-windows-terminal-sequences
  version: f55edac94c9bbba5d6182a4be46d86a2c9b5b50e
- name: github.com/mitchellh/go-homedir
  version: af06845cf3004701891bf4fdb884bfe4920b3727
- name: github.com/mitchellh/mapstructure
  version: 3536a929edddb9a5b34bd6861dc4a9647cb459fe
- name: github.com/sirupsen/logrus
  version: dae0fa8d5b0c810a8ab733fbd5510c7cae84eca4
- name: github.com/stretchr/testify
  version: ffdc059bfe9ce6a4e144ba849dbedead332c6053
  subpackages:
  - assert
- name: golang.org/x/crypto
  version: c2843e01d9a2bc60bb26ad24e09734fdc2d9ec58
  subpackages:
  - ssh/terminal
- name: golang.org/x/sys
  version: fead79001313d15903fb4605b4a1b781532cd93e
  subpackages:
  - unix
  - windows
testImports:
- name: github.com/davecgh/go-spew
  version: d8f796af33cc11cb798c1aaeb27a4ebc5099927d
  subpackages:
  - spew
- name: github.com/pmezard/go-difflib
  version: 5d4384ee4fb2527b0a1256a821ebfc92f91efefc
  subpackages:
  - difflib
